// !$*UTF8*$!
{
	archiveVersion = 1;
	classes = {
	};
	objectVersion = 51;
	objects = {

/* Begin PBXBuildFile section */
		13066B0F24DA1A66009136B7 /* Item.swift in Sources */ = {isa = PBXBuildFile; fileRef = 13066B0E24DA1A66009136B7 /* Item.swift */; };
		13066B1124DA1B48009136B7 /* EmojeItem.swift in Sources */ = {isa = PBXBuildFile; fileRef = 13066B1024DA1B48009136B7 /* EmojeItem.swift */; };
		1363D87B24DF60BC006F9FE3 /* VerticalStackView.swift in Sources */ = {isa = PBXBuildFile; fileRef = 1363D87A24DF60BC006F9FE3 /* VerticalStackView.swift */; };
		1363D88324DF73F8006F9FE3 /* lucidagrande.ttf in Resources */ = {isa = PBXBuildFile; fileRef = 1363D88024DF7190006F9FE3 /* lucidagrande.ttf */; };
		1363D88424DF73F8006F9FE3 /* lucidagrandebold.ttf in Resources */ = {isa = PBXBuildFile; fileRef = 1363D87F24DF7190006F9FE3 /* lucidagrandebold.ttf */; };
		13680E5524ED12900038DEC9 /* EditingPopUpVC.swift in Sources */ = {isa = PBXBuildFile; fileRef = 13680E5424ED12900038DEC9 /* EditingPopUpVC.swift */; };
		1389FC9B24E87A0F00A5A625 /* RoundFinishVC.swift in Sources */ = {isa = PBXBuildFile; fileRef = 1389FC9A24E87A0F00A5A625 /* RoundFinishVC.swift */; };
		1389FC9D24E87A3600A5A625 /* ModallyPresentedVC.swift in Sources */ = {isa = PBXBuildFile; fileRef = 1389FC9C24E87A3600A5A625 /* ModallyPresentedVC.swift */; };
		138B2B4E24D8DBFD00273F38 /* AppDelegate.swift in Sources */ = {isa = PBXBuildFile; fileRef = 138B2B4D24D8DBFD00273F38 /* AppDelegate.swift */; };
		138B2B5024D8DBFD00273F38 /* SceneDelegate.swift in Sources */ = {isa = PBXBuildFile; fileRef = 138B2B4F24D8DBFD00273F38 /* SceneDelegate.swift */; };
		138B2B5224D8DBFD00273F38 /* MainViewController.swift in Sources */ = {isa = PBXBuildFile; fileRef = 138B2B5124D8DBFD00273F38 /* MainViewController.swift */; };
		138B2B5724D8DBFF00273F38 /* Assets.xcassets in Resources */ = {isa = PBXBuildFile; fileRef = 138B2B5624D8DBFF00273F38 /* Assets.xcassets */; };
		138B2B5A24D8DBFF00273F38 /* LaunchScreen.storyboard in Resources */ = {isa = PBXBuildFile; fileRef = 138B2B5824D8DBFF00273F38 /* LaunchScreen.storyboard */; };
		138B2B6224D8E15000273F38 /* playerCVC.swift in Sources */ = {isa = PBXBuildFile; fileRef = 138B2B6124D8E15000273F38 /* playerCVC.swift */; };
		138B2B6424D8E49400273F38 /* PlayerItem.swift in Sources */ = {isa = PBXBuildFile; fileRef = 138B2B6324D8E49400273F38 /* PlayerItem.swift */; };
		1394C79924E0E21200D15130 /* SectionHeaderReusableView.swift in Sources */ = {isa = PBXBuildFile; fileRef = 1394C79824E0E21200D15130 /* SectionHeaderReusableView.swift */; };
		1394C79B24E1AB6500D15130 /* AddPlayerVC.swift in Sources */ = {isa = PBXBuildFile; fileRef = 1394C79A24E1AB6500D15130 /* AddPlayerVC.swift */; };
		13AE2AB124D9DCCC00E06B0B /* EmojeCVC.swift in Sources */ = {isa = PBXBuildFile; fileRef = 13AE2AB024D9DCCC00E06B0B /* EmojeCVC.swift */; };
		13AE2AB524D9DD7600E06B0B /* UIView+Layout.swift in Sources */ = {isa = PBXBuildFile; fileRef = 13AE2AB224D9DD7600E06B0B /* UIView+Layout.swift */; };
		13AE2AB624D9DD7600E06B0B /* Extentions.swift in Sources */ = {isa = PBXBuildFile; fileRef = 13AE2AB324D9DD7600E06B0B /* Extentions.swift */; };
		13AE2AB724D9DD7600E06B0B /* AnchoredConstraints.swift in Sources */ = {isa = PBXBuildFile; fileRef = 13AE2AB424D9DD7600E06B0B /* AnchoredConstraints.swift */; };
		13BF1A7024EDAB6D00614A0D /* popupWindowView.storyboard in Resources */ = {isa = PBXBuildFile; fileRef = 13BF1A6F24EDAB6D00614A0D /* popupWindowView.storyboard */; };
		64DBFA7A3C4C5847342A59F9 /* Pods_Phase10_Calc.framework in Frameworks */ = {isa = PBXBuildFile; fileRef = B9DC5CE575CEBF1981F5BC72 /* Pods_Phase10_Calc.framework */; };
/* End PBXBuildFile section */

/* Begin PBXFileReference section */
		13066B0E24DA1A66009136B7 /* Item.swift */ = {isa = PBXFileReference; lastKnownFileType = sourcecode.swift; path = Item.swift; sourceTree = "<group>"; };
		13066B1024DA1B48009136B7 /* EmojeItem.swift */ = {isa = PBXFileReference; lastKnownFileType = sourcecode.swift; path = EmojeItem.swift; sourceTree = "<group>"; };
		1363D87A24DF60BC006F9FE3 /* VerticalStackView.swift */ = {isa = PBXFileReference; fileEncoding = 4; lastKnownFileType = sourcecode.swift; path = VerticalStackView.swift; sourceTree = "<group>"; };
		1363D87D24DF7169006F9FE3 /* hiragino-mincho-pron-w6.otf */ = {isa = PBXFileReference; lastKnownFileType = file; path = "hiragino-mincho-pron-w6.otf"; sourceTree = "<group>"; };
		1363D87E24DF7169006F9FE3 /* hiragino-mincho-pron-w3.otf */ = {isa = PBXFileReference; lastKnownFileType = file; path = "hiragino-mincho-pron-w3.otf"; sourceTree = "<group>"; };
		1363D87F24DF7190006F9FE3 /* lucidagrandebold.ttf */ = {isa = PBXFileReference; lastKnownFileType = file; path = lucidagrandebold.ttf; sourceTree = "<group>"; };
		1363D88024DF7190006F9FE3 /* lucidagrande.ttf */ = {isa = PBXFileReference; lastKnownFileType = file; path = lucidagrande.ttf; sourceTree = "<group>"; };
		13680E5424ED12900038DEC9 /* EditingPopUpVC.swift */ = {isa = PBXFileReference; lastKnownFileType = sourcecode.swift; path = EditingPopUpVC.swift; sourceTree = "<group>"; };
		1389FC9A24E87A0F00A5A625 /* RoundFinishVC.swift */ = {isa = PBXFileReference; lastKnownFileType = sourcecode.swift; path = RoundFinishVC.swift; sourceTree = "<group>"; };
		1389FC9C24E87A3600A5A625 /* ModallyPresentedVC.swift */ = {isa = PBXFileReference; lastKnownFileType = sourcecode.swift; path = ModallyPresentedVC.swift; sourceTree = "<group>"; };
		138B2B4A24D8DBFD00273F38 /* Phase10-Calc.app */ = {isa = PBXFileReference; explicitFileType = wrapper.application; includeInIndex = 0; path = "Phase10-Calc.app"; sourceTree = BUILT_PRODUCTS_DIR; };
		138B2B4D24D8DBFD00273F38 /* AppDelegate.swift */ = {isa = PBXFileReference; lastKnownFileType = sourcecode.swift; path = AppDelegate.swift; sourceTree = "<group>"; };
		138B2B4F24D8DBFD00273F38 /* SceneDelegate.swift */ = {isa = PBXFileReference; lastKnownFileType = sourcecode.swift; path = SceneDelegate.swift; sourceTree = "<group>"; };
		138B2B5124D8DBFD00273F38 /* MainViewController.swift */ = {isa = PBXFileReference; lastKnownFileType = sourcecode.swift; path = MainViewController.swift; sourceTree = "<group>"; };
		138B2B5624D8DBFF00273F38 /* Assets.xcassets */ = {isa = PBXFileReference; lastKnownFileType = folder.assetcatalog; path = Assets.xcassets; sourceTree = "<group>"; };
		138B2B5924D8DBFF00273F38 /* Base */ = {isa = PBXFileReference; lastKnownFileType = file.storyboard; name = Base; path = Base.lproj/LaunchScreen.storyboard; sourceTree = "<group>"; };
		138B2B5B24D8DBFF00273F38 /* Info.plist */ = {isa = PBXFileReference; lastKnownFileType = text.plist.xml; path = Info.plist; sourceTree = "<group>"; };
		138B2B6124D8E15000273F38 /* playerCVC.swift */ = {isa = PBXFileReference; lastKnownFileType = sourcecode.swift; path = playerCVC.swift; sourceTree = "<group>"; };
		138B2B6324D8E49400273F38 /* PlayerItem.swift */ = {isa = PBXFileReference; lastKnownFileType = sourcecode.swift; path = PlayerItem.swift; sourceTree = "<group>"; };
		1394C79824E0E21200D15130 /* SectionHeaderReusableView.swift */ = {isa = PBXFileReference; lastKnownFileType = sourcecode.swift; path = SectionHeaderReusableView.swift; sourceTree = "<group>"; };
		1394C79A24E1AB6500D15130 /* AddPlayerVC.swift */ = {isa = PBXFileReference; lastKnownFileType = sourcecode.swift; path = AddPlayerVC.swift; sourceTree = "<group>"; };
		13AE2AB024D9DCCC00E06B0B /* EmojeCVC.swift */ = {isa = PBXFileReference; lastKnownFileType = sourcecode.swift; path = EmojeCVC.swift; sourceTree = "<group>"; };
		13AE2AB224D9DD7600E06B0B /* UIView+Layout.swift */ = {isa = PBXFileReference; fileEncoding = 4; lastKnownFileType = sourcecode.swift; path = "UIView+Layout.swift"; sourceTree = "<group>"; };
		13AE2AB324D9DD7600E06B0B /* Extentions.swift */ = {isa = PBXFileReference; fileEncoding = 4; lastKnownFileType = sourcecode.swift; path = Extentions.swift; sourceTree = "<group>"; };
		13AE2AB424D9DD7600E06B0B /* AnchoredConstraints.swift */ = {isa = PBXFileReference; fileEncoding = 4; lastKnownFileType = sourcecode.swift; path = AnchoredConstraints.swift; sourceTree = "<group>"; };
		13BF1A6F24EDAB6D00614A0D /* popupWindowView.storyboard */ = {isa = PBXFileReference; lastKnownFileType = file.storyboard; path = popupWindowView.storyboard; sourceTree = "<group>"; };
		B9DC5CE575CEBF1981F5BC72 /* Pods_Phase10_Calc.framework */ = {isa = PBXFileReference; explicitFileType = wrapper.framework; includeInIndex = 0; path = Pods_Phase10_Calc.framework; sourceTree = BUILT_PRODUCTS_DIR; };
		D29A76CDEEF37DE9A4158466 /* Pods-Phase10-Calc.debug.xcconfig */ = {isa = PBXFileReference; includeInIndex = 1; lastKnownFileType = text.xcconfig; name = "Pods-Phase10-Calc.debug.xcconfig"; path = "Target Support Files/Pods-Phase10-Calc/Pods-Phase10-Calc.debug.xcconfig"; sourceTree = "<group>"; };
		F1563FF4224C18CA77AF7A4A /* Pods-Phase10-Calc.release.xcconfig */ = {isa = PBXFileReference; includeInIndex = 1; lastKnownFileType = text.xcconfig; name = "Pods-Phase10-Calc.release.xcconfig"; path = "Target Support Files/Pods-Phase10-Calc/Pods-Phase10-Calc.release.xcconfig"; sourceTree = "<group>"; };
/* End PBXFileReference section */

/* Begin PBXFrameworksBuildPhase section */
		138B2B4724D8DBFD00273F38 /* Frameworks */ = {
			isa = PBXFrameworksBuildPhase;
			buildActionMask = 2147483647;
			files = (
				64DBFA7A3C4C5847342A59F9 /* Pods_Phase10_Calc.framework in Frameworks */,
			);
			runOnlyForDeploymentPostprocessing = 0;
		};
/* End PBXFrameworksBuildPhase section */

/* Begin PBXGroup section */
		1363D87C24DF710D006F9FE3 /* Fonts */ = {
			isa = PBXGroup;
			children = (
				1363D87E24DF7169006F9FE3 /* hiragino-mincho-pron-w3.otf */,
				1363D87D24DF7169006F9FE3 /* hiragino-mincho-pron-w6.otf */,
				1363D88024DF7190006F9FE3 /* lucidagrande.ttf */,
				1363D87F24DF7190006F9FE3 /* lucidagrandebold.ttf */,
			);
			path = Fonts;
			sourceTree = "<group>";
		};
		138B2B4124D8DBFD00273F38 = {
			isa = PBXGroup;
			children = (
				138B2B4C24D8DBFD00273F38 /* Phase10-Calc */,
				138B2B4B24D8DBFD00273F38 /* Products */,
				575AA2FC70C8FEFD0890716C /* Pods */,
				4BD6044011BFD92F3A21C0B5 /* Frameworks */,
			);
			sourceTree = "<group>";
		};
		138B2B4B24D8DBFD00273F38 /* Products */ = {
			isa = PBXGroup;
			children = (
				138B2B4A24D8DBFD00273F38 /* Phase10-Calc.app */,
			);
			name = Products;
			sourceTree = "<group>";
		};
		138B2B4C24D8DBFD00273F38 /* Phase10-Calc */ = {
			isa = PBXGroup;
			children = (
				1363D87C24DF710D006F9FE3 /* Fonts */,
				1399F9D924DD55BC001037F3 /* Helpers */,
				1399F9D824DD559D001037F3 /* Controller */,
				1399F9D724DD558C001037F3 /* View */,
				1399F9D524DD557B001037F3 /* Modal */,
				138B2B4D24D8DBFD00273F38 /* AppDelegate.swift */,
				138B2B4F24D8DBFD00273F38 /* SceneDelegate.swift */,
				138B2B5624D8DBFF00273F38 /* Assets.xcassets */,
				138B2B5824D8DBFF00273F38 /* LaunchScreen.storyboard */,
				138B2B5B24D8DBFF00273F38 /* Info.plist */,
			);
			path = "Phase10-Calc";
			sourceTree = "<group>";
		};
		1399F9D524DD557B001037F3 /* Modal */ = {
			isa = PBXGroup;
			children = (
				138B2B6324D8E49400273F38 /* PlayerItem.swift */,
				13066B0E24DA1A66009136B7 /* Item.swift */,
				13066B1024DA1B48009136B7 /* EmojeItem.swift */,
			);
			path = Modal;
			sourceTree = "<group>";
		};
		1399F9D724DD558C001037F3 /* View */ = {
			isa = PBXGroup;
			children = (
				138B2B6124D8E15000273F38 /* playerCVC.swift */,
				13AE2AB024D9DCCC00E06B0B /* EmojeCVC.swift */,
				1394C79824E0E21200D15130 /* SectionHeaderReusableView.swift */,
				13BF1A6F24EDAB6D00614A0D /* popupWindowView.storyboard */,
			);
			path = View;
			sourceTree = "<group>";
		};
		1399F9D824DD559D001037F3 /* Controller */ = {
			isa = PBXGroup;
			children = (
				138B2B5124D8DBFD00273F38 /* MainViewController.swift */,
				1394C79A24E1AB6500D15130 /* AddPlayerVC.swift */,
				1389FC9A24E87A0F00A5A625 /* RoundFinishVC.swift */,
				1389FC9C24E87A3600A5A625 /* ModallyPresentedVC.swift */,
				13680E5424ED12900038DEC9 /* EditingPopUpVC.swift */,
			);
			path = Controller;
			sourceTree = "<group>";
		};
		1399F9D924DD55BC001037F3 /* Helpers */ = {
			isa = PBXGroup;
			children = (
				13AE2AB424D9DD7600E06B0B /* AnchoredConstraints.swift */,
				13AE2AB324D9DD7600E06B0B /* Extentions.swift */,
				13AE2AB224D9DD7600E06B0B /* UIView+Layout.swift */,
				1363D87A24DF60BC006F9FE3 /* VerticalStackView.swift */,
			);
			path = Helpers;
			sourceTree = "<group>";
		};
		4BD6044011BFD92F3A21C0B5 /* Frameworks */ = {
			isa = PBXGroup;
			children = (
				B9DC5CE575CEBF1981F5BC72 /* Pods_Phase10_Calc.framework */,
			);
			name = Frameworks;
			sourceTree = "<group>";
		};
		575AA2FC70C8FEFD0890716C /* Pods */ = {
			isa = PBXGroup;
			children = (
				D29A76CDEEF37DE9A4158466 /* Pods-Phase10-Calc.debug.xcconfig */,
				F1563FF4224C18CA77AF7A4A /* Pods-Phase10-Calc.release.xcconfig */,
			);
			path = Pods;
			sourceTree = "<group>";
		};
/* End PBXGroup section */

/* Begin PBXNativeTarget section */
		138B2B4924D8DBFD00273F38 /* Phase10-Calc */ = {
			isa = PBXNativeTarget;
			buildConfigurationList = 138B2B5E24D8DBFF00273F38 /* Build configuration list for PBXNativeTarget "Phase10-Calc" */;
			buildPhases = (
				12FA436B3E2E98C2555AC3DF /* [CP] Check Pods Manifest.lock */,
				138B2B4624D8DBFD00273F38 /* Sources */,
				138B2B4724D8DBFD00273F38 /* Frameworks */,
				138B2B4824D8DBFD00273F38 /* Resources */,
				95358817D9C4263F536326DF /* [CP] Embed Pods Frameworks */,
			);
			buildRules = (
			);
			dependencies = (
			);
			name = "Phase10-Calc";
			productName = "Phase10-Calc";
			productReference = 138B2B4A24D8DBFD00273F38 /* Phase10-Calc.app */;
			productType = "com.apple.product-type.application";
		};
/* End PBXNativeTarget section */

/* Begin PBXProject section */
		138B2B4224D8DBFD00273F38 /* Project object */ = {
			isa = PBXProject;
			attributes = {
				LastSwiftUpdateCheck = 1150;
				LastUpgradeCheck = 1150;
				ORGANIZATIONNAME = "Ahmad Khalil";
				TargetAttributes = {
					138B2B4924D8DBFD00273F38 = {
						CreatedOnToolsVersion = 11.5;
					};
				};
			};
			buildConfigurationList = 138B2B4524D8DBFD00273F38 /* Build configuration list for PBXProject "Phase10-Calc" */;
			compatibilityVersion = "Xcode 9.3";
			developmentRegion = en;
			hasScannedForEncodings = 0;
			knownRegions = (
				en,
				Base,
			);
			mainGroup = 138B2B4124D8DBFD00273F38;
			productRefGroup = 138B2B4B24D8DBFD00273F38 /* Products */;
			projectDirPath = "";
			projectRoot = "";
			targets = (
				138B2B4924D8DBFD00273F38 /* Phase10-Calc */,
			);
		};
/* End PBXProject section */

/* Begin PBXResourcesBuildPhase section */
		138B2B4824D8DBFD00273F38 /* Resources */ = {
			isa = PBXResourcesBuildPhase;
			buildActionMask = 2147483647;
			files = (
				1363D88324DF73F8006F9FE3 /* lucidagrande.ttf in Resources */,
				1363D88424DF73F8006F9FE3 /* lucidagrandebold.ttf in Resources */,
				138B2B5A24D8DBFF00273F38 /* LaunchScreen.storyboard in Resources */,
				13BF1A7024EDAB6D00614A0D /* popupWindowView.storyboard in Resources */,
				138B2B5724D8DBFF00273F38 /* Assets.xcassets in Resources */,
			);
			runOnlyForDeploymentPostprocessing = 0;
		};
/* End PBXResourcesBuildPhase section */

/* Begin PBXShellScriptBuildPhase section */
		12FA436B3E2E98C2555AC3DF /* [CP] Check Pods Manifest.lock */ = {
			isa = PBXShellScriptBuildPhase;
			buildActionMask = 2147483647;
			files = (
			);
			inputFileListPaths = (
			);
			inputPaths = (
				"${PODS_PODFILE_DIR_PATH}/Podfile.lock",
				"${PODS_ROOT}/Manifest.lock",
			);
			name = "[CP] Check Pods Manifest.lock";
			outputFileListPaths = (
			);
			outputPaths = (
				"$(DERIVED_FILE_DIR)/Pods-Phase10-Calc-checkManifestLockResult.txt",
			);
			runOnlyForDeploymentPostprocessing = 0;
			shellPath = /bin/sh;
			shellScript = "diff \"${PODS_PODFILE_DIR_PATH}/Podfile.lock\" \"${PODS_ROOT}/Manifest.lock\" > /dev/null\nif [ $? != 0 ] ; then\n    # print error to STDERR\n    echo \"error: The sandbox is not in sync with the Podfile.lock. Run 'pod install' or update your CocoaPods installation.\" >&2\n    exit 1\nfi\n# This output is used by Xcode 'outputs' to avoid re-running this script phase.\necho \"SUCCESS\" > \"${SCRIPT_OUTPUT_FILE_0}\"\n";
			showEnvVarsInLog = 0;
		};
		95358817D9C4263F536326DF /* [CP] Embed Pods Frameworks */ = {
			isa = PBXShellScriptBuildPhase;
			buildActionMask = 2147483647;
			files = (
			);
			inputFileListPaths = (
				"${PODS_ROOT}/Target Support Files/Pods-Phase10-Calc/Pods-Phase10-Calc-frameworks-${CONFIGURATION}-input-files.xcfilelist",
			);
			name = "[CP] Embed Pods Frameworks";
			outputFileListPaths = (
				"${PODS_ROOT}/Target Support Files/Pods-Phase10-Calc/Pods-Phase10-Calc-frameworks-${CONFIGURATION}-output-files.xcfilelist",
			);
			runOnlyForDeploymentPostprocessing = 0;
			shellPath = /bin/sh;
			shellScript = "\"${PODS_ROOT}/Target Support Files/Pods-Phase10-Calc/Pods-Phase10-Calc-frameworks.sh\"\n";
			showEnvVarsInLog = 0;
		};
/* End PBXShellScriptBuildPhase section */

/* Begin PBXSourcesBuildPhase section */
		138B2B4624D8DBFD00273F38 /* Sources */ = {
			isa = PBXSourcesBuildPhase;
			buildActionMask = 2147483647;
			files = (
				13066B1124DA1B48009136B7 /* EmojeItem.swift in Sources */,
				1363D87B24DF60BC006F9FE3 /* VerticalStackView.swift in Sources */,
				13680E5524ED12900038DEC9 /* EditingPopUpVC.swift in Sources */,
				13066B0F24DA1A66009136B7 /* Item.swift in Sources */,
				1389FC9B24E87A0F00A5A625 /* RoundFinishVC.swift in Sources */,
				138B2B5224D8DBFD00273F38 /* MainViewController.swift in Sources */,
				13AE2AB124D9DCCC00E06B0B /* EmojeCVC.swift in Sources */,
				138B2B4E24D8DBFD00273F38 /* AppDelegate.swift in Sources */,
				138B2B6424D8E49400273F38 /* PlayerItem.swift in Sources */,
				1389FC9D24E87A3600A5A625 /* ModallyPresentedVC.swift in Sources */,
				13AE2AB724D9DD7600E06B0B /* AnchoredConstraints.swift in Sources */,
				13AE2AB624D9DD7600E06B0B /* Extentions.swift in Sources */,
				138B2B5024D8DBFD00273F38 /* SceneDelegate.swift in Sources */,
				13AE2AB524D9DD7600E06B0B /* UIView+Layout.swift in Sources */,
				1394C79B24E1AB6500D15130 /* AddPlayerVC.swift in Sources */,
				138B2B6224D8E15000273F38 /* playerCVC.swift in Sources */,
				1394C79924E0E21200D15130 /* SectionHeaderReusableView.swift in Sources */,
			);
			runOnlyForDeploymentPostprocessing = 0;
		};
/* End PBXSourcesBuildPhase section */

/* Begin PBXVariantGroup section */
		138B2B5824D8DBFF00273F38 /* LaunchScreen.storyboard */ = {
			isa = PBXVariantGroup;
			children = (
				138B2B5924D8DBFF00273F38 /* Base */,
			);
			name = LaunchScreen.storyboard;
			sourceTree = "<group>";
		};
/* End PBXVariantGroup section */

/* Begin XCBuildConfiguration section */
		138B2B5C24D8DBFF00273F38 /* Debug */ = {
			isa = XCBuildConfiguration;
			buildSettings = {
				ALWAYS_SEARCH_USER_PATHS = NO;
				CLANG_ANALYZER_NONNULL = YES;
				CLANG_ANALYZER_NUMBER_OBJECT_CONVERSION = YES_AGGRESSIVE;
				CLANG_CXX_LANGUAGE_STANDARD = "gnu++14";
				CLANG_CXX_LIBRARY = "libc++";
				CLANG_ENABLE_MODULES = YES;
				CLANG_ENABLE_OBJC_ARC = YES;
				CLANG_ENABLE_OBJC_WEAK = YES;
				CLANG_WARN_BLOCK_CAPTURE_AUTORELEASING = YES;
				CLANG_WARN_BOOL_CONVERSION = YES;
				CLANG_WARN_COMMA = YES;
				CLANG_WARN_CONSTANT_CONVERSION = YES;
				CLANG_WARN_DEPRECATED_OBJC_IMPLEMENTATIONS = YES;
				CLANG_WARN_DIRECT_OBJC_ISA_USAGE = YES_ERROR;
				CLANG_WARN_DOCUMENTATION_COMMENTS = YES;
				CLANG_WARN_EMPTY_BODY = YES;
				CLANG_WARN_ENUM_CONVERSION = YES;
				CLANG_WARN_INFINITE_RECURSION = YES;
				CLANG_WARN_INT_CONVERSION = YES;
				CLANG_WARN_NON_LITERAL_NULL_CONVERSION = YES;
				CLANG_WARN_OBJC_IMPLICIT_RETAIN_SELF = YES;
				CLANG_WARN_OBJC_LITERAL_CONVERSION = YES;
				CLANG_WARN_OBJC_ROOT_CLASS = YES_ERROR;
				CLANG_WARN_RANGE_LOOP_ANALYSIS = YES;
				CLANG_WARN_STRICT_PROTOTYPES = YES;
				CLANG_WARN_SUSPICIOUS_MOVE = YES;
				CLANG_WARN_UNGUARDED_AVAILABILITY = YES_AGGRESSIVE;
				CLANG_WARN_UNREACHABLE_CODE = YES;
				CLANG_WARN__DUPLICATE_METHOD_MATCH = YES;
				COPY_PHASE_STRIP = NO;
				DEBUG_INFORMATION_FORMAT = dwarf;
				ENABLE_STRICT_OBJC_MSGSEND = YES;
				ENABLE_TESTABILITY = YES;
				GCC_C_LANGUAGE_STANDARD = gnu11;
				GCC_DYNAMIC_NO_PIC = NO;
				GCC_NO_COMMON_BLOCKS = YES;
				GCC_OPTIMIZATION_LEVEL = 0;
				GCC_PREPROCESSOR_DEFINITIONS = (
					"DEBUG=1",
					"$(inherited)",
				);
				GCC_WARN_64_TO_32_BIT_CONVERSION = YES;
				GCC_WARN_ABOUT_RETURN_TYPE = YES_ERROR;
				GCC_WARN_UNDECLARED_SELECTOR = YES;
				GCC_WARN_UNINITIALIZED_AUTOS = YES_AGGRESSIVE;
				GCC_WARN_UNUSED_FUNCTION = YES;
				GCC_WARN_UNUSED_VARIABLE = YES;
				IPHONEOS_DEPLOYMENT_TARGET = 13.5;
				MTL_ENABLE_DEBUG_INFO = INCLUDE_SOURCE;
				MTL_FAST_MATH = YES;
				ONLY_ACTIVE_ARCH = YES;
				SDKROOT = iphoneos;
				SWIFT_ACTIVE_COMPILATION_CONDITIONS = DEBUG;
				SWIFT_OPTIMIZATION_LEVEL = "-Onone";
			};
			name = Debug;
		};
		138B2B5D24D8DBFF00273F38 /* Release */ = {
			isa = XCBuildConfiguration;
			buildSettings = {
				ALWAYS_SEARCH_USER_PATHS = NO;
				CLANG_ANALYZER_NONNULL = YES;
				CLANG_ANALYZER_NUMBER_OBJECT_CONVERSION = YES_AGGRESSIVE;
				CLANG_CXX_LANGUAGE_STANDARD = "gnu++14";
				CLANG_CXX_LIBRARY = "libc++";
				CLANG_ENABLE_MODULES = YES;
				CLANG_ENABLE_OBJC_ARC = YES;
				CLANG_ENABLE_OBJC_WEAK = YES;
				CLANG_WARN_BLOCK_CAPTURE_AUTORELEASING = YES;
				CLANG_WARN_BOOL_CONVERSION = YES;
				CLANG_WARN_COMMA = YES;
				CLANG_WARN_CONSTANT_CONVERSION = YES;
				CLANG_WARN_DEPRECATED_OBJC_IMPLEMENTATIONS = YES;
				CLANG_WARN_DIRECT_OBJC_ISA_USAGE = YES_ERROR;
				CLANG_WARN_DOCUMENTATION_COMMENTS = YES;
				CLANG_WARN_EMPTY_BODY = YES;
				CLANG_WARN_ENUM_CONVERSION = YES;
				CLANG_WARN_INFINITE_RECURSION = YES;
				CLANG_WARN_INT_CONVERSION = YES;
				CLANG_WARN_NON_LITERAL_NULL_CONVERSION = YES;
				CLANG_WARN_OBJC_IMPLICIT_RETAIN_SELF = YES;
				CLANG_WARN_OBJC_LITERAL_CONVERSION = YES;
				CLANG_WARN_OBJC_ROOT_CLASS = YES_ERROR;
				CLANG_WARN_RANGE_LOOP_ANALYSIS = YES;
				CLANG_WARN_STRICT_PROTOTYPES = YES;
				CLANG_WARN_SUSPICIOUS_MOVE = YES;
				CLANG_WARN_UNGUARDED_AVAILABILITY = YES_AGGRESSIVE;
				CLANG_WARN_UNREACHABLE_CODE = YES;
				CLANG_WARN__DUPLICATE_METHOD_MATCH = YES;
				COPY_PHASE_STRIP = NO;
				DEBUG_INFORMATION_FORMAT = "dwarf-with-dsym";
				ENABLE_NS_ASSERTIONS = NO;
				ENABLE_STRICT_OBJC_MSGSEND = YES;
				GCC_C_LANGUAGE_STANDARD = gnu11;
				GCC_NO_COMMON_BLOCKS = YES;
				GCC_WARN_64_TO_32_BIT_CONVERSION = YES;
				GCC_WARN_ABOUT_RETURN_TYPE = YES_ERROR;
				GCC_WARN_UNDECLARED_SELECTOR = YES;
				GCC_WARN_UNINITIALIZED_AUTOS = YES_AGGRESSIVE;
				GCC_WARN_UNUSED_FUNCTION = YES;
				GCC_WARN_UNUSED_VARIABLE = YES;
				IPHONEOS_DEPLOYMENT_TARGET = 13.5;
				MTL_ENABLE_DEBUG_INFO = NO;
				MTL_FAST_MATH = YES;
				SDKROOT = iphoneos;
				SWIFT_COMPILATION_MODE = wholemodule;
				SWIFT_OPTIMIZATION_LEVEL = "-O";
				VALIDATE_PRODUCT = YES;
			};
			name = Release;
		};
		138B2B5F24D8DBFF00273F38 /* Debug */ = {
			isa = XCBuildConfiguration;
			baseConfigurationReference = D29A76CDEEF37DE9A4158466 /* Pods-Phase10-Calc.debug.xcconfig */;
			buildSettings = {
				ASSETCATALOG_COMPILER_APPICON_NAME = AppIcon;
				CODE_SIGN_STYLE = Automatic;
				DEVELOPMENT_TEAM = FFX897K9XB;
				INFOPLIST_FILE = "Phase10-Calc/Info.plist";
				LD_RUNPATH_SEARCH_PATHS = (
					"$(inherited)",
					"@executable_path/Frameworks",
				);
				PRODUCT_BUNDLE_IDENTIFIER = "AhmadKhalil.Phase10-Calc";
				PRODUCT_NAME = "$(TARGET_NAME)";
				SWIFT_VERSION = 5.0;
				TARGETED_DEVICE_FAMILY = "1,2";
			};
			name = Debug;
		};
		138B2B6024D8DBFF00273F38 /* Release */ = {
			isa = XCBuildConfiguration;
			baseConfigurationReference = F1563FF4224C18CA77AF7A4A /* Pods-Phase10-Calc.release.xcconfig */;
			buildSettings = {
				ASSETCATALOG_COMPILER_APPICON_NAME = AppIcon;
				CODE_SIGN_STYLE = Automatic;
				DEVELOPMENT_TEAM = FFX897K9XB;
				INFOPLIST_FILE = "Phase10-Calc/Info.plist";
				LD_RUNPATH_SEARCH_PATHS = (
					"$(inherited)",
					"@executable_path/Frameworks",
				);
				PRODUCT_BUNDLE_IDENTIFIER = "AhmadKhalil.Phase10-Calc";
				PRODUCT_NAME = "$(TARGET_NAME)";
				SWIFT_VERSION = 5.0;
				TARGETED_DEVICE_FAMILY = "1,2";
			};
			name = Release;
		};
/* End XCBuildConfiguration section */

/* Begin XCConfigurationList section */
		138B2B4524D8DBFD00273F38 /* Build configuration list for PBXProject "Phase10-Calc" */ = {
			isa = XCConfigurationList;
			buildConfigurations = (
				138B2B5C24D8DBFF00273F38 /* Debug */,
				138B2B5D24D8DBFF00273F38 /* Release */,
			);
			defaultConfigurationIsVisible = 0;
			defaultConfigurationName = Release;
		};
		138B2B5E24D8DBFF00273F38 /* Build configuration list for PBXNativeTarget "Phase10-Calc" */ = {
			isa = XCConfigurationList;
			buildConfigurations = (
				138B2B5F24D8DBFF00273F38 /* Debug */,
				138B2B6024D8DBFF00273F38 /* Release */,
			);
			defaultConfigurationIsVisible = 0;
			defaultConfigurationName = Release;
		};
/* End XCConfigurationList section */
	};
	rootObject = 138B2B4224D8DBFD00273F38 /* Project object */;
}
